
Microsoft Visual Studio Solution File, Format Version 12.00
# Visual Studio 15
VisualStudioVersion = 15.0.28307.1022
MinimumVisualStudioVersion = 10.0.40219.1
Project("{FAE04EC0-301F-11D3-BF4B-00C04F79EFBC}") = "myPaint", "myPaint\myPaint.csproj", "{7F915C26-E274-44B5-9EFB-E072771335D5}"
EndProject
Global
	GlobalSection(SolutionConfigurationPlatforms) = preSolution
		Debug|Any CPU = Debug|Any CPU
		Release|Any CPU = Release|Any CPU
	EndGlobalSection
	GlobalSection(ProjectConfigurationPlatforms) = postSolution
		{7F915C26-E274-44B5-9EFB-E072771335D5}.Debug|Any CPU.ActiveCfg = Debug|Any CPU
		{7F915C26-E274-44B5-9EFB-E072771335D5}.Debug|Any CPU.Build.0 = Debug|Any CPU
		{7F915C26-E274-44B5-9EFB-E072771335D5}.Release|Any CPU.ActiveCfg = Release|Any CPU
		{7F915C26-E274-44B5-9EFB-E072771335D5}.Release|Any CPU.Build.0 = Release|Any CPU
	EndGlobalSection
	GlobalSection(SolutionProperties) = preSolution
		HideSolutionNode = FALSE
	EndGlobalSection
	GlobalSection(ExtensibilityGlobals) = postSolution
		SolutionGuid = {B06FAB05-2751-4156-A847-7F53682A44AF}
	EndGlobalSection
EndGlobal
